// !$*UTF8*$!
{
	archiveVersion = 1;
	classes = {
	};
	objectVersion = 56;
	objects = {

/* Begin PBXBuildFile section */
		5BE31B81F6752508BDD5020C /* Pods_mario_bros.framework in Frameworks */ = {isa = PBXBuildFile; fileRef = EFE020D6D2114BE2B04B71A9 /* Pods_mario_bros.framework */; };
		7B0EF2042D27EF23004DC953 /* Coordinator.swift in Sources */ = {isa = PBXBuildFile; fileRef = 7B0EF2032D27EF23004DC953 /* Coordinator.swift */; };
		7B0EF2062D27EF31004DC953 /* CoordinatorView.swift in Sources */ = {isa = PBXBuildFile; fileRef = 7B0EF2052D27EF31004DC953 /* CoordinatorView.swift */; };
		7B0EF2092D27F5FC004DC953 /* OnboardingView.swift in Sources */ = {isa = PBXBuildFile; fileRef = 7B0EF2082D27F5FC004DC953 /* OnboardingView.swift */; };
		7B0EF20B2D27F75D004DC953 /* LoginView.swift in Sources */ = {isa = PBXBuildFile; fileRef = 7B0EF20A2D27F75D004DC953 /* LoginView.swift */; };
		7B0EF20E2D27F8A6004DC953 /* HomeView.swift in Sources */ = {isa = PBXBuildFile; fileRef = 7B0EF20D2D27F8A6004DC953 /* HomeView.swift */; };
		7B0EF2122D27FBA9004DC953 /* SwiftWebView.swift in Sources */ = {isa = PBXBuildFile; fileRef = 7B0EF2112D27FBA9004DC953 /* SwiftWebView.swift */; };
		7B913F942D27D4B600E94CE8 /* mario_brosApp.swift in Sources */ = {isa = PBXBuildFile; fileRef = 7B913F932D27D4B600E94CE8 /* mario_brosApp.swift */; };
		7B913F962D27D4B600E94CE8 /* ContentView.swift in Sources */ = {isa = PBXBuildFile; fileRef = 7B913F952D27D4B600E94CE8 /* ContentView.swift */; };
		7B913F982D27D4B700E94CE8 /* Assets.xcassets in Resources */ = {isa = PBXBuildFile; fileRef = 7B913F972D27D4B700E94CE8 /* Assets.xcassets */; };
		7B913F9C2D27D4B700E94CE8 /* Preview Assets.xcassets in Resources */ = {isa = PBXBuildFile; fileRef = 7B913F9B2D27D4B700E94CE8 /* Preview Assets.xcassets */; };
/* End PBXBuildFile section */

/* Begin PBXFileReference section */
		4F9A995F8DF8761D75ACE239 /* Pods-mario-bros.release.xcconfig */ = {isa = PBXFileReference; includeInIndex = 1; lastKnownFileType = text.xcconfig; name = "Pods-mario-bros.release.xcconfig"; path = "Target Support Files/Pods-mario-bros/Pods-mario-bros.release.xcconfig"; sourceTree = "<group>"; };
		71147FD84446ED393A682862 /* Pods-mario-bros.debug.xcconfig */ = {isa = PBXFileReference; includeInIndex = 1; lastKnownFileType = text.xcconfig; name = "Pods-mario-bros.debug.xcconfig"; path = "Target Support Files/Pods-mario-bros/Pods-mario-bros.debug.xcconfig"; sourceTree = "<group>"; };
		7B0EF2032D27EF23004DC953 /* Coordinator.swift */ = {isa = PBXFileReference; lastKnownFileType = sourcecode.swift; path = Coordinator.swift; sourceTree = "<group>"; };
		7B0EF2052D27EF31004DC953 /* CoordinatorView.swift */ = {isa = PBXFileReference; lastKnownFileType = sourcecode.swift; path = CoordinatorView.swift; sourceTree = "<group>"; };
		7B0EF2082D27F5FC004DC953 /* OnboardingView.swift */ = {isa = PBXFileReference; lastKnownFileType = sourcecode.swift; path = OnboardingView.swift; sourceTree = "<group>"; };
		7B0EF20A2D27F75D004DC953 /* LoginView.swift */ = {isa = PBXFileReference; lastKnownFileType = sourcecode.swift; path = LoginView.swift; sourceTree = "<group>"; };
		7B0EF20D2D27F8A6004DC953 /* HomeView.swift */ = {isa = PBXFileReference; lastKnownFileType = sourcecode.swift; path = HomeView.swift; sourceTree = "<group>"; };
		7B0EF2112D27FBA9004DC953 /* SwiftWebView.swift */ = {isa = PBXFileReference; lastKnownFileType = sourcecode.swift; path = SwiftWebView.swift; sourceTree = "<group>"; };
		7B913F902D27D4B600E94CE8 /* mario-bros.app */ = {isa = PBXFileReference; explicitFileType = wrapper.application; includeInIndex = 0; path = "mario-bros.app"; sourceTree = BUILT_PRODUCTS_DIR; };
		7B913F932D27D4B600E94CE8 /* mario_brosApp.swift */ = {isa = PBXFileReference; lastKnownFileType = sourcecode.swift; path = mario_brosApp.swift; sourceTree = "<group>"; };
		7B913F952D27D4B600E94CE8 /* ContentView.swift */ = {isa = PBXFileReference; lastKnownFileType = sourcecode.swift; path = ContentView.swift; sourceTree = "<group>"; };
		7B913F972D27D4B700E94CE8 /* Assets.xcassets */ = {isa = PBXFileReference; lastKnownFileType = folder.assetcatalog; path = Assets.xcassets; sourceTree = "<group>"; };
		7B913F992D27D4B700E94CE8 /* mario_bros.entitlements */ = {isa = PBXFileReference; lastKnownFileType = text.plist.entitlements; path = mario_bros.entitlements; sourceTree = "<group>"; };
		7B913F9B2D27D4B700E94CE8 /* Preview Assets.xcassets */ = {isa = PBXFileReference; lastKnownFileType = folder.assetcatalog; path = "Preview Assets.xcassets"; sourceTree = "<group>"; };
		EFE020D6D2114BE2B04B71A9 /* Pods_mario_bros.framework */ = {isa = PBXFileReference; explicitFileType = wrapper.framework; includeInIndex = 0; path = Pods_mario_bros.framework; sourceTree = BUILT_PRODUCTS_DIR; };
/* End PBXFileReference section */

/* Begin PBXFrameworksBuildPhase section */
		7B913F8D2D27D4B600E94CE8 /* Frameworks */ = {
			isa = PBXFrameworksBuildPhase;
			buildActionMask = 2147483647;
			files = (
				5BE31B81F6752508BDD5020C /* Pods_mario_bros.framework in Frameworks */,
			);
			runOnlyForDeploymentPostprocessing = 0;
		};
/* End PBXFrameworksBuildPhase section */

/* Begin PBXGroup section */
		5BE991BA7419644F3CC06B76 /* Frameworks */ = {
			isa = PBXGroup;
			children = (
				EFE020D6D2114BE2B04B71A9 /* Pods_mario_bros.framework */,
			);
			name = Frameworks;
			sourceTree = "<group>";
		};
		7B0EF1FE2D27E5FB004DC953 /* app-feature */ = {
			isa = PBXGroup;
			children = (
				7B0EF20C2D27F7B8004DC953 /* feature-home */,
				7B0EF2072D27F54A004DC953 /* feature-onboarding */,
				7B0EF1FF2D27E605004DC953 /* feature-login */,
			);
			path = "app-feature";
			sourceTree = "<group>";
		};
		7B0EF1FF2D27E605004DC953 /* feature-login */ = {
			isa = PBXGroup;
			children = (
				7B0EF20A2D27F75D004DC953 /* LoginView.swift */,
			);
			path = "feature-login";
			sourceTree = "<group>";
		};
		7B0EF2022D27EF13004DC953 /* app-coordinator */ = {
			isa = PBXGroup;
			children = (
				7B0EF2032D27EF23004DC953 /* Coordinator.swift */,
				7B0EF2052D27EF31004DC953 /* CoordinatorView.swift */,
			);
			path = "app-coordinator";
			sourceTree = "<group>";
		};
		7B0EF2072D27F54A004DC953 /* feature-onboarding */ = {
			isa = PBXGroup;
			children = (
				7B0EF2082D27F5FC004DC953 /* OnboardingView.swift */,
			);
			path = "feature-onboarding";
			sourceTree = "<group>";
		};
		7B0EF20C2D27F7B8004DC953 /* feature-home */ = {
			isa = PBXGroup;
			children = (
				7B0EF20D2D27F8A6004DC953 /* HomeView.swift */,
			);
			path = "feature-home";
			sourceTree = "<group>";
		};
		7B0EF20F2D27FB55004DC953 /* app-utils */ = {
			isa = PBXGroup;
			children = (
			);
			path = "app-utils";
			sourceTree = "<group>";
		};
		7B0EF2102D27FB71004DC953 /* app-component-views */ = {
			isa = PBXGroup;
			children = (
				7B0EF2112D27FBA9004DC953 /* SwiftWebView.swift */,
			);
			path = "app-component-views";
			sourceTree = "<group>";
		};
		7B27E83AAA897BA73452A41E /* Pods */ = {
			isa = PBXGroup;
			children = (
				71147FD84446ED393A682862 /* Pods-mario-bros.debug.xcconfig */,
				4F9A995F8DF8761D75ACE239 /* Pods-mario-bros.release.xcconfig */,
			);
			path = Pods;
			sourceTree = "<group>";
		};
		7B913F872D27D4B600E94CE8 = {
			isa = PBXGroup;
			children = (
				7B913F922D27D4B600E94CE8 /* mario-bros */,
				7B913F912D27D4B600E94CE8 /* Products */,
				7B27E83AAA897BA73452A41E /* Pods */,
				5BE991BA7419644F3CC06B76 /* Frameworks */,
			);
			sourceTree = "<group>";
		};
		7B913F912D27D4B600E94CE8 /* Products */ = {
			isa = PBXGroup;
			children = (
				7B913F902D27D4B600E94CE8 /* mario-bros.app */,
			);
			name = Products;
			sourceTree = "<group>";
		};
		7B913F922D27D4B600E94CE8 /* mario-bros */ = {
			isa = PBXGroup;
			children = (
				7B0EF2102D27FB71004DC953 /* app-component-views */,
				7B0EF20F2D27FB55004DC953 /* app-utils */,
				7B0EF2022D27EF13004DC953 /* app-coordinator */,
				7B0EF1FE2D27E5FB004DC953 /* app-feature */,
				7B913F932D27D4B600E94CE8 /* mario_brosApp.swift */,
				7B913F952D27D4B600E94CE8 /* ContentView.swift */,
				7B913F972D27D4B700E94CE8 /* Assets.xcassets */,
				7B913F992D27D4B700E94CE8 /* mario_bros.entitlements */,
				7B913F9A2D27D4B700E94CE8 /* Preview Content */,
			);
			path = "mario-bros";
			sourceTree = "<group>";
		};
		7B913F9A2D27D4B700E94CE8 /* Preview Content */ = {
			isa = PBXGroup;
			children = (
				7B913F9B2D27D4B700E94CE8 /* Preview Assets.xcassets */,
			);
			path = "Preview Content";
			sourceTree = "<group>";
		};
/* End PBXGroup section */

/* Begin PBXNativeTarget section */
		7B913F8F2D27D4B600E94CE8 /* mario-bros */ = {
			isa = PBXNativeTarget;
			buildConfigurationList = 7B913F9F2D27D4B700E94CE8 /* Build configuration list for PBXNativeTarget "mario-bros" */;
			buildPhases = (
				546BEB3D30435C09E39D97DA /* [CP] Check Pods Manifest.lock */,
				7B913F8C2D27D4B600E94CE8 /* Sources */,
				7B913F8D2D27D4B600E94CE8 /* Frameworks */,
				7B913F8E2D27D4B600E94CE8 /* Resources */,
			);
			buildRules = (
			);
			dependencies = (
			);
			name = "mario-bros";
			productName = "mario-bros";
			productReference = 7B913F902D27D4B600E94CE8 /* mario-bros.app */;
			productType = "com.apple.product-type.application";
		};
/* End PBXNativeTarget section */

/* Begin PBXProject section */
		7B913F882D27D4B600E94CE8 /* Project object */ = {
			isa = PBXProject;
			attributes = {
				BuildIndependentTargetsInParallel = 1;
				LastSwiftUpdateCheck = 1520;
				LastUpgradeCheck = 1520;
				TargetAttributes = {
					7B913F8F2D27D4B600E94CE8 = {
						CreatedOnToolsVersion = 15.2;
					};
				};
			};
			buildConfigurationList = 7B913F8B2D27D4B600E94CE8 /* Build configuration list for PBXProject "mario-bros" */;
			compatibilityVersion = "Xcode 14.0";
			developmentRegion = en;
			hasScannedForEncodings = 0;
			knownRegions = (
				en,
				Base,
			);
			mainGroup = 7B913F872D27D4B600E94CE8;
			productRefGroup = 7B913F912D27D4B600E94CE8 /* Products */;
			projectDirPath = "";
			projectRoot = "";
			targets = (
				7B913F8F2D27D4B600E94CE8 /* mario-bros */,
			);
		};
/* End PBXProject section */

/* Begin PBXResourcesBuildPhase section */
		7B913F8E2D27D4B600E94CE8 /* Resources */ = {
			isa = PBXResourcesBuildPhase;
			buildActionMask = 2147483647;
			files = (
				7B913F9C2D27D4B700E94CE8 /* Preview Assets.xcassets in Resources */,
				7B913F982D27D4B700E94CE8 /* Assets.xcassets in Resources */,
			);
			runOnlyForDeploymentPostprocessing = 0;
		};
/* End PBXResourcesBuildPhase section */

/* Begin PBXShellScriptBuildPhase section */
		546BEB3D30435C09E39D97DA /* [CP] Check Pods Manifest.lock */ = {
			isa = PBXShellScriptBuildPhase;
			buildActionMask = 2147483647;
			files = (
			);
			inputFileListPaths = (
			);
			inputPaths = (
				"${PODS_PODFILE_DIR_PATH}/Podfile.lock",
				"${PODS_ROOT}/Manifest.lock",
			);
			name = "[CP] Check Pods Manifest.lock";
			outputFileListPaths = (
			);
			outputPaths = (
				"$(DERIVED_FILE_DIR)/Pods-mario-bros-checkManifestLockResult.txt",
			);
			runOnlyForDeploymentPostprocessing = 0;
			shellPath = /bin/sh;
			shellScript = "diff \"${PODS_PODFILE_DIR_PATH}/Podfile.lock\" \"${PODS_ROOT}/Manifest.lock\" > /dev/null\nif [ $? != 0 ] ; then\n    # print error to STDERR\n    echo \"error: The sandbox is not in sync with the Podfile.lock. Run 'pod install' or update your CocoaPods installation.\" >&2\n    exit 1\nfi\n# This output is used by Xcode 'outputs' to avoid re-running this script phase.\necho \"SUCCESS\" > \"${SCRIPT_OUTPUT_FILE_0}\"\n";
			showEnvVarsInLog = 0;
		};
/* End PBXShellScriptBuildPhase section */

/* Begin PBXSourcesBuildPhase section */
		7B913F8C2D27D4B600E94CE8 /* Sources */ = {
			isa = PBXSourcesBuildPhase;
			buildActionMask = 2147483647;
			files = (
				7B0EF2042D27EF23004DC953 /* Coordinator.swift in Sources */,
				7B0EF20B2D27F75D004DC953 /* LoginView.swift in Sources */,
				7B0EF2062D27EF31004DC953 /* CoordinatorView.swift in Sources */,
				7B0EF2122D27FBA9004DC953 /* SwiftWebView.swift in Sources */,
				7B0EF2092D27F5FC004DC953 /* OnboardingView.swift in Sources */,
				7B0EF20E2D27F8A6004DC953 /* HomeView.swift in Sources */,
				7B913F962D27D4B600E94CE8 /* ContentView.swift in Sources */,
				7B913F942D27D4B600E94CE8 /* mario_brosApp.swift in Sources */,
			);
			runOnlyForDeploymentPostprocessing = 0;
		};
/* End PBXSourcesBuildPhase section */

/* Begin XCBuildConfiguration section */
		7B913F9D2D27D4B700E94CE8 /* Debug */ = {
			isa = XCBuildConfiguration;
			buildSettings = {
				ALWAYS_SEARCH_USER_PATHS = NO;
				ASSETCATALOG_COMPILER_GENERATE_SWIFT_ASSET_SYMBOL_EXTENSIONS = YES;
				CLANG_ANALYZER_NONNULL = YES;
				CLANG_ANALYZER_NUMBER_OBJECT_CONVERSION = YES_AGGRESSIVE;
				CLANG_CXX_LANGUAGE_STANDARD = "gnu++20";
				CLANG_ENABLE_MODULES = YES;
				CLANG_ENABLE_OBJC_ARC = YES;
				CLANG_ENABLE_OBJC_WEAK = YES;
				CLANG_WARN_BLOCK_CAPTURE_AUTORELEASING = YES;
				CLANG_WARN_BOOL_CONVERSION = YES;
				CLANG_WARN_COMMA = YES;
				CLANG_WARN_CONSTANT_CONVERSION = YES;
				CLANG_WARN_DEPRECATED_OBJC_IMPLEMENTATIONS = YES;
				CLANG_WARN_DIRECT_OBJC_ISA_USAGE = YES_ERROR;
				CLANG_WARN_DOCUMENTATION_COMMENTS = YES;
				CLANG_WARN_EMPTY_BODY = YES;
				CLANG_WARN_ENUM_CONVERSION = YES;
				CLANG_WARN_INFINITE_RECURSION = YES;
				CLANG_WARN_INT_CONVERSION = YES;
				CLANG_WARN_NON_LITERAL_NULL_CONVERSION = YES;
				CLANG_WARN_OBJC_IMPLICIT_RETAIN_SELF = YES;
				CLANG_WARN_OBJC_LITERAL_CONVERSION = YES;
				CLANG_WARN_OBJC_ROOT_CLASS = YES_ERROR;
				CLANG_WARN_QUOTED_INCLUDE_IN_FRAMEWORK_HEADER = YES;
				CLANG_WARN_RANGE_LOOP_ANALYSIS = YES;
				CLANG_WARN_STRICT_PROTOTYPES = YES;
				CLANG_WARN_SUSPICIOUS_MOVE = YES;
				CLANG_WARN_UNGUARDED_AVAILABILITY = YES_AGGRESSIVE;
				CLANG_WARN_UNREACHABLE_CODE = YES;
				CLANG_WARN__DUPLICATE_METHOD_MATCH = YES;
				COPY_PHASE_STRIP = NO;
				DEBUG_INFORMATION_FORMAT = dwarf;
				ENABLE_STRICT_OBJC_MSGSEND = YES;
				ENABLE_TESTABILITY = YES;
				ENABLE_USER_SCRIPT_SANDBOXING = YES;
				GCC_C_LANGUAGE_STANDARD = gnu17;
				GCC_DYNAMIC_NO_PIC = NO;
				GCC_NO_COMMON_BLOCKS = YES;
				GCC_OPTIMIZATION_LEVEL = 0;
				GCC_PREPROCESSOR_DEFINITIONS = (
					"DEBUG=1",
					"$(inherited)",
				);
				GCC_WARN_64_TO_32_BIT_CONVERSION = YES;
				GCC_WARN_ABOUT_RETURN_TYPE = YES_ERROR;
				GCC_WARN_UNDECLARED_SELECTOR = YES;
				GCC_WARN_UNINITIALIZED_AUTOS = YES_AGGRESSIVE;
				GCC_WARN_UNUSED_FUNCTION = YES;
				GCC_WARN_UNUSED_VARIABLE = YES;
				LOCALIZATION_PREFERS_STRING_CATALOGS = YES;
				MTL_ENABLE_DEBUG_INFO = INCLUDE_SOURCE;
				MTL_FAST_MATH = YES;
				ONLY_ACTIVE_ARCH = YES;
				SWIFT_ACTIVE_COMPILATION_CONDITIONS = "DEBUG $(inherited)";
				SWIFT_OPTIMIZATION_LEVEL = "-Onone";
			};
			name = Debug;
		};
		7B913F9E2D27D4B700E94CE8 /* Release */ = {
			isa = XCBuildConfiguration;
			buildSettings = {
				ALWAYS_SEARCH_USER_PATHS = NO;
				ASSETCATALOG_COMPILER_GENERATE_SWIFT_ASSET_SYMBOL_EXTENSIONS = YES;
				CLANG_ANALYZER_NONNULL = YES;
				CLANG_ANALYZER_NUMBER_OBJECT_CONVERSION = YES_AGGRESSIVE;
				CLANG_CXX_LANGUAGE_STANDARD = "gnu++20";
				CLANG_ENABLE_MODULES = YES;
				CLANG_ENABLE_OBJC_ARC = YES;
				CLANG_ENABLE_OBJC_WEAK = YES;
				CLANG_WARN_BLOCK_CAPTURE_AUTORELEASING = YES;
				CLANG_WARN_BOOL_CONVERSION = YES;
				CLANG_WARN_COMMA = YES;
				CLANG_WARN_CONSTANT_CONVERSION = YES;
				CLANG_WARN_DEPRECATED_OBJC_IMPLEMENTATIONS = YES;
				CLANG_WARN_DIRECT_OBJC_ISA_USAGE = YES_ERROR;
				CLANG_WARN_DOCUMENTATION_COMMENTS = YES;
				CLANG_WARN_EMPTY_BODY = YES;
				CLANG_WARN_ENUM_CONVERSION = YES;
				CLANG_WARN_INFINITE_RECURSION = YES;
				CLANG_WARN_INT_CONVERSION = YES;
				CLANG_WARN_NON_LITERAL_NULL_CONVERSION = YES;
				CLANG_WARN_OBJC_IMPLICIT_RETAIN_SELF = YES;
				CLANG_WARN_OBJC_LITERAL_CONVERSION = YES;
				CLANG_WARN_OBJC_ROOT_CLASS = YES_ERROR;
				CLANG_WARN_QUOTED_INCLUDE_IN_FRAMEWORK_HEADER = YES;
				CLANG_WARN_RANGE_LOOP_ANALYSIS = YES;
				CLANG_WARN_STRICT_PROTOTYPES = YES;
				CLANG_WARN_SUSPICIOUS_MOVE = YES;
				CLANG_WARN_UNGUARDED_AVAILABILITY = YES_AGGRESSIVE;
				CLANG_WARN_UNREACHABLE_CODE = YES;
				CLANG_WARN__DUPLICATE_METHOD_MATCH = YES;
				COPY_PHASE_STRIP = NO;
				DEBUG_INFORMATION_FORMAT = "dwarf-with-dsym";
				ENABLE_NS_ASSERTIONS = NO;
				ENABLE_STRICT_OBJC_MSGSEND = YES;
				ENABLE_USER_SCRIPT_SANDBOXING = YES;
				GCC_C_LANGUAGE_STANDARD = gnu17;
				GCC_NO_COMMON_BLOCKS = YES;
				GCC_WARN_64_TO_32_BIT_CONVERSION = YES;
				GCC_WARN_ABOUT_RETURN_TYPE = YES_ERROR;
				GCC_WARN_UNDECLARED_SELECTOR = YES;
				GCC_WARN_UNINITIALIZED_AUTOS = YES_AGGRESSIVE;
				GCC_WARN_UNUSED_FUNCTION = YES;
				GCC_WARN_UNUSED_VARIABLE = YES;
				LOCALIZATION_PREFERS_STRING_CATALOGS = YES;
				MTL_ENABLE_DEBUG_INFO = NO;
				MTL_FAST_MATH = YES;
				SWIFT_COMPILATION_MODE = wholemodule;
			};
			name = Release;
		};
		7B913FA02D27D4B700E94CE8 /* Debug */ = {
			isa = XCBuildConfiguration;
			baseConfigurationReference = 71147FD84446ED393A682862 /* Pods-mario-bros.debug.xcconfig */;
			buildSettings = {
				ASSETCATALOG_COMPILER_APPICON_NAME = AppIcon;
				ASSETCATALOG_COMPILER_GLOBAL_ACCENT_COLOR_NAME = AccentColor;
				CODE_SIGN_ENTITLEMENTS = "mario-bros/mario_bros.entitlements";
				CODE_SIGN_STYLE = Automatic;
				CURRENT_PROJECT_VERSION = 1;
				DEVELOPMENT_ASSET_PATHS = "\"mario-bros/Preview Content\"";
				ENABLE_PREVIEWS = YES;
				GENERATE_INFOPLIST_FILE = YES;
				"INFOPLIST_KEY_UIApplicationSceneManifest_Generation[sdk=iphoneos*]" = YES;
				"INFOPLIST_KEY_UIApplicationSceneManifest_Generation[sdk=iphonesimulator*]" = YES;
				"INFOPLIST_KEY_UIApplicationSupportsIndirectInputEvents[sdk=iphoneos*]" = YES;
				"INFOPLIST_KEY_UIApplicationSupportsIndirectInputEvents[sdk=iphonesimulator*]" = YES;
				"INFOPLIST_KEY_UILaunchScreen_Generation[sdk=iphoneos*]" = YES;
				"INFOPLIST_KEY_UILaunchScreen_Generation[sdk=iphonesimulator*]" = YES;
				"INFOPLIST_KEY_UIStatusBarStyle[sdk=iphoneos*]" = UIStatusBarStyleDefault;
				"INFOPLIST_KEY_UIStatusBarStyle[sdk=iphonesimulator*]" = UIStatusBarStyleDefault;
				INFOPLIST_KEY_UISupportedInterfaceOrientations_iPad = "UIInterfaceOrientationPortrait UIInterfaceOrientationPortraitUpsideDown UIInterfaceOrientationLandscapeLeft UIInterfaceOrientationLandscapeRight";
				INFOPLIST_KEY_UISupportedInterfaceOrientations_iPhone = "UIInterfaceOrientationPortrait UIInterfaceOrientationLandscapeLeft UIInterfaceOrientationLandscapeRight";
				IPHONEOS_DEPLOYMENT_TARGET = 16.0;
				LD_RUNPATH_SEARCH_PATHS = "@executable_path/Frameworks";
				"LD_RUNPATH_SEARCH_PATHS[sdk=macosx*]" = "@executable_path/../Frameworks";
				MACOSX_DEPLOYMENT_TARGET = 14.2;
				MARKETING_VERSION = 1.0;
				PRODUCT_BUNDLE_IDENTIFIER = "com.rctiplus.mario-bros";
				PRODUCT_NAME = "$(TARGET_NAME)";
				SDKROOT = auto;
				SUPPORTED_PLATFORMS = "iphoneos iphonesimulator";
				SUPPORTS_MACCATALYST = NO;
				SWIFT_EMIT_LOC_STRINGS = YES;
				SWIFT_VERSION = 5.0;
				TARGETED_DEVICE_FAMILY = "1,2";
			};
			name = Debug;
		};
		7B913FA12D27D4B700E94CE8 /* Release */ = {
			isa = XCBuildConfiguration;
			baseConfigurationReference = 4F9A995F8DF8761D75ACE239 /* Pods-mario-bros.release.xcconfig */;
			buildSettings = {
				ASSETCATALOG_COMPILER_APPICON_NAME = AppIcon;
				ASSETCATALOG_COMPILER_GLOBAL_ACCENT_COLOR_NAME = AccentColor;
				CODE_SIGN_ENTITLEMENTS = "mario-bros/mario_bros.entitlements";
				CODE_SIGN_STYLE = Automatic;
				CURRENT_PROJECT_VERSION = 1;
				DEVELOPMENT_ASSET_PATHS = "\"mario-bros/Preview Content\"";
				ENABLE_PREVIEWS = YES;
				GENERATE_INFOPLIST_FILE = YES;
				"INFOPLIST_KEY_UIApplicationSceneManifest_Generation[sdk=iphoneos*]" = YES;
				"INFOPLIST_KEY_UIApplicationSceneManifest_Generation[sdk=iphonesimulator*]" = YES;
				"INFOPLIST_KEY_UIApplicationSupportsIndirectInputEvents[sdk=iphoneos*]" = YES;
				"INFOPLIST_KEY_UIApplicationSupportsIndirectInputEvents[sdk=iphonesimulator*]" = YES;
				"INFOPLIST_KEY_UILaunchScreen_Generation[sdk=iphoneos*]" = YES;
				"INFOPLIST_KEY_UILaunchScreen_Generation[sdk=iphonesimulator*]" = YES;
				"INFOPLIST_KEY_UIStatusBarStyle[sdk=iphoneos*]" = UIStatusBarStyleDefault;
				"INFOPLIST_KEY_UIStatusBarStyle[sdk=iphonesimulator*]" = UIStatusBarStyleDefault;
				INFOPLIST_KEY_UISupportedInterfaceOrientations_iPad = "UIInterfaceOrientationPortrait UIInterfaceOrientationPortraitUpsideDown UIInterfaceOrientationLandscapeLeft UIInterfaceOrientationLandscapeRight";
				INFOPLIST_KEY_UISupportedInterfaceOrientations_iPhone = "UIInterfaceOrientationPortrait UIInterfaceOrientationLandscapeLeft UIInterfaceOrientationLandscapeRight";
				IPHONEOS_DEPLOYMENT_TARGET = 16.0;
				LD_RUNPATH_SEARCH_PATHS = "@executable_path/Frameworks";
				"LD_RUNPATH_SEARCH_PATHS[sdk=macosx*]" = "@executable_path/../Frameworks";
				MACOSX_DEPLOYMENT_TARGET = 14.2;
				MARKETING_VERSION = 1.0;
				PRODUCT_BUNDLE_IDENTIFIER = "com.rctiplus.mario-bros";
				PRODUCT_NAME = "$(TARGET_NAME)";
				SDKROOT = auto;
				SUPPORTED_PLATFORMS = "iphoneos iphonesimulator";
				SUPPORTS_MACCATALYST = NO;
				SWIFT_EMIT_LOC_STRINGS = YES;
				SWIFT_VERSION = 5.0;
				TARGETED_DEVICE_FAMILY = "1,2";
			};
			name = Release;
		};
/* End XCBuildConfiguration section */

/* Begin XCConfigurationList section */
		7B913F8B2D27D4B600E94CE8 /* Build configuration list for PBXProject "mario-bros" */ = {
			isa = XCConfigurationList;
			buildConfigurations = (
				7B913F9D2D27D4B700E94CE8 /* Debug */,
				7B913F9E2D27D4B700E94CE8 /* Release */,
			);
			defaultConfigurationIsVisible = 0;
			defaultConfigurationName = Release;
		};
		7B913F9F2D27D4B700E94CE8 /* Build configuration list for PBXNativeTarget "mario-bros" */ = {
			isa = XCConfigurationList;
			buildConfigurations = (
				7B913FA02D27D4B700E94CE8 /* Debug */,
				7B913FA12D27D4B700E94CE8 /* Release */,
			);
			defaultConfigurationIsVisible = 0;
			defaultConfigurationName = Release;
		};
/* End XCConfigurationList section */
	};
	rootObject = 7B913F882D27D4B600E94CE8 /* Project object */;
}
